
Microsoft Visual Studio Solution File, Format Version 12.00
# Visual Studio Version 16
VisualStudioVersion = 16.0.31019.35
MinimumVisualStudioVersion = 10.0.40219.1
Project("{FAE04EC0-301F-11D3-BF4B-00C04F79EFBC}") = "PunApi", "PunApi.csproj", "{E9292605-FBB3-4078-B0D7-7F08BFC38D8D}"
EndProject
Project("{FAE04EC0-301F-11D3-BF4B-00C04F79EFBC}") = "PunDataAccess", "..\PunDataAccess\PunDataAccess.csproj", "{4E9A2750-DD6B-4768-8C94-77C536D04DDB}"
EndProject
Global
	GlobalSection(SolutionConfigurationPlatforms) = preSolution
		Debug|Any CPU = Debug|Any CPU
		Release|Any CPU = Release|Any CPU
	EndGlobalSection
	GlobalSection(ProjectConfigurationPlatforms) = postSolution
		{E9292605-FBB3-4078-B0D7-7F08BFC38D8D}.Debug|Any CPU.ActiveCfg = Debug|Any CPU
		{E9292605-FBB3-4078-B0D7-7F08BFC38D8D}.Debug|Any CPU.Build.0 = Debug|Any CPU
		{E9292605-FBB3-4078-B0D7-7F08BFC38D8D}.Release|Any CPU.ActiveCfg = Release|Any CPU
		{E9292605-FBB3-4078-B0D7-7F08BFC38D8D}.Release|Any CPU.Build.0 = Release|Any CPU
		{4E9A2750-DD6B-4768-8C94-77C536D04DDB}.Debug|Any CPU.ActiveCfg = Debug|Any CPU
		{4E9A2750-DD6B-4768-8C94-77C536D04DDB}.Debug|Any CPU.Build.0 = Debug|Any CPU
		{4E9A2750-DD6B-4768-8C94-77C536D04DDB}.Release|Any CPU.ActiveCfg = Release|Any CPU
		{4E9A2750-DD6B-4768-8C94-77C536D04DDB}.Release|Any CPU.Build.0 = Release|Any CPU
	EndGlobalSection
	GlobalSection(SolutionProperties) = preSolution
		HideSolutionNode = FALSE
	EndGlobalSection
	GlobalSection(ExtensibilityGlobals) = postSolution
		SolutionGuid = {9C4C01F7-3514-47FD-A052-0C5E8EFDFA7E}
	EndGlobalSection
EndGlobal
